
Microsoft Visual Studio Solution File, Format Version 12.00
# Visual Studio Version 17
VisualStudioVersion = 17.7.34024.191
MinimumVisualStudioVersion = 10.0.40219.1
Project("{FAE04EC0-301F-11D3-BF4B-00C04F79EFBC}") = "OrderSheetConverter", "OrderSheetConverter\OrderSheetConverter.csproj", "{3F0A5C41-9766-4024-8C0D-6835F62F63FD}"
EndProject
Global
	GlobalSection(SolutionConfigurationPlatforms) = preSolution
		Debug|Any CPU = Debug|Any CPU
		Release|Any CPU = Release|Any CPU
	EndGlobalSection
	GlobalSection(ProjectConfigurationPlatforms) = postSolution
		{3F0A5C41-9766-4024-8C0D-6835F62F63FD}.Debug|Any CPU.ActiveCfg = Debug|Any CPU
		{3F0A5C41-9766-4024-8C0D-6835F62F63FD}.Debug|Any CPU.Build.0 = Debug|Any CPU
		{3F0A5C41-9766-4024-8C0D-6835F62F63FD}.Release|Any CPU.ActiveCfg = Release|Any CPU
		{3F0A5C41-9766-4024-8C0D-6835F62F63FD}.Release|Any CPU.Build.0 = Release|Any CPU
	EndGlobalSection
	GlobalSection(SolutionProperties) = preSolution
		HideSolutionNode = FALSE
	EndGlobalSection
	GlobalSection(ExtensibilityGlobals) = postSolution
		SolutionGuid = {CF281DE1-706D-42C9-A7D1-C5DC63A8510D}
	EndGlobalSection
EndGlobal
